
Microsoft Visual Studio Solution File, Format Version 12.00
# Visual Studio Version 17
VisualStudioVersion = 17.11.35312.102
MinimumVisualStudioVersion = 10.0.40219.1
Project("{FAE04EC0-301F-11D3-BF4B-00C04F79EFBC}") = "Zadachi", "Zadachi\Zadachi.csproj", "{129CB079-217C-4AF9-8399-A543D02BCAE3}"
EndProject
Global
	GlobalSection(SolutionConfigurationPlatforms) = preSolution
		Debug|Any CPU = Debug|Any CPU
		Release|Any CPU = Release|Any CPU
	EndGlobalSection
	GlobalSection(ProjectConfigurationPlatforms) = postSolution
		{129CB079-217C-4AF9-8399-A543D02BCAE3}.Debug|Any CPU.ActiveCfg = Debug|Any CPU
		{129CB079-217C-4AF9-8399-A543D02BCAE3}.Debug|Any CPU.Build.0 = Debug|Any CPU
		{129CB079-217C-4AF9-8399-A543D02BCAE3}.Release|Any CPU.ActiveCfg = Release|Any CPU
		{129CB079-217C-4AF9-8399-A543D02BCAE3}.Release|Any CPU.Build.0 = Release|Any CPU
	EndGlobalSection
	GlobalSection(SolutionProperties) = preSolution
		HideSolutionNode = FALSE
	EndGlobalSection
	GlobalSection(ExtensibilityGlobals) = postSolution
		SolutionGuid = {70F14348-9C7B-427D-978C-182BC38379ED}
	EndGlobalSection
EndGlobal
